
Microsoft Visual Studio Solution File, Format Version 12.00
# Visual Studio Version 17
VisualStudioVersion = 17.0.31903.59
MinimumVisualStudioVersion = 10.0.40219.1
Project("{FAE04EC0-301F-11D3-BF4B-00C04F79EFBC}") = "Tests", "Tests\Tests.csproj", "{AEE6C54A-BAF7-4011-8A37-F00EF7110FF1}"
EndProject
Global
	GlobalSection(SolutionConfigurationPlatforms) = preSolution
		Debug|Any CPU = Debug|Any CPU
		Release|Any CPU = Release|Any CPU
	EndGlobalSection
	GlobalSection(SolutionProperties) = preSolution
		HideSolutionNode = FALSE
	EndGlobalSection
	GlobalSection(ProjectConfigurationPlatforms) = postSolution
		{AEE6C54A-BAF7-4011-8A37-F00EF7110FF1}.Debug|Any CPU.ActiveCfg = Debug|Any CPU
		{AEE6C54A-BAF7-4011-8A37-F00EF7110FF1}.Debug|Any CPU.Build.0 = Debug|Any CPU
		{AEE6C54A-BAF7-4011-8A37-F00EF7110FF1}.Release|Any CPU.ActiveCfg = Release|Any CPU
		{AEE6C54A-BAF7-4011-8A37-F00EF7110FF1}.Release|Any CPU.Build.0 = Release|Any CPU
	EndGlobalSection
EndGlobal
